{"1.1.0",
[{<<"epmd">>,
  {git,"https://github.com/erlang/epmd",
       {ref,"4d1a595b9d5c32fc0e55f462da381de62de23bf0"}},
  0},
 {<<"gen_smtp">>,
  {git,"https://github.com/Vagabond/gen_smtp.git",
       {ref,"e07022695735fe3b3eaf0fca52d85e91eef2a67f"}},
  0},
 {<<"grisp">>,
  {git,"git://github.com/grisp/grisp.git",
       {ref,"23860074abb8de6c77cee5a11e1a5b2685060260"}},
  0},
 {<<"mapz">>,{pkg,<<"mapz">>,<<"0.3.0">>},1}]}.
[
{pkg_hash,[
 {<<"mapz">>, <<"438D24746CE5A252101E00B2032EFDF7FC69EB32689D3B805DE5E6DD7F52614F">>}]}
].
